// !$*UTF8*$!
{
	archiveVersion = 1;
	classes = {
	};
	objectVersion = 46;
	objects = {

/* Begin PBXBuildFile section */
		6B69A07B1B4E478200D534EC /* 择天记.txt in Resources */ = {isa = PBXBuildFile; fileRef = 6B69A07A1B4E478200D534EC /* 择天记.txt */; };
		6B69A07E1B4E74FE00D534EC /* ReaderAdapter.m in Sources */ = {isa = PBXBuildFile; fileRef = 6B69A07D1B4E74FE00D534EC /* ReaderAdapter.m */; };
		6B9FDBFF1B4B725C00450271 /* main.m in Sources */ = {isa = PBXBuildFile; fileRef = 6B9FDBFE1B4B725C00450271 /* main.m */; };
		6B9FDC021B4B725C00450271 /* AppDelegate.m in Sources */ = {isa = PBXBuildFile; fileRef = 6B9FDC011B4B725C00450271 /* AppDelegate.m */; };
		6B9FDC0A1B4B725C00450271 /* Images.xcassets in Resources */ = {isa = PBXBuildFile; fileRef = 6B9FDC091B4B725C00450271 /* Images.xcassets */; };
		6B9FDC0D1B4B725C00450271 /* LaunchScreen.xib in Resources */ = {isa = PBXBuildFile; fileRef = 6B9FDC0B1B4B725C00450271 /* LaunchScreen.xib */; };
		6B9FDC281B4B78AB00450271 /* XTableView.m in Sources */ = {isa = PBXBuildFile; fileRef = 6B9FDC251B4B78AB00450271 /* XTableView.m */; };
		6B9FDC291B4B78AB00450271 /* XTableViewAdapter.m in Sources */ = {isa = PBXBuildFile; fileRef = 6B9FDC271B4B78AB00450271 /* XTableViewAdapter.m */; };
		6B9FDC2D1B4BAC6500450271 /* TxtReader.m in Sources */ = {isa = PBXBuildFile; fileRef = 6B9FDC2C1B4BAC6500450271 /* TxtReader.m */; };
		6B9FDC311B4BB8C600450271 /* ReaderViewController.m in Sources */ = {isa = PBXBuildFile; fileRef = 6B9FDC301B4BB8C600450271 /* ReaderViewController.m */; };
		6B9FDC341B4BB8DC00450271 /* ReaderView.m in Sources */ = {isa = PBXBuildFile; fileRef = 6B9FDC331B4BB8DC00450271 /* ReaderView.m */; };
		6B9FDC371B4BB94A00450271 /* ReaderManager.m in Sources */ = {isa = PBXBuildFile; fileRef = 6B9FDC361B4BB94A00450271 /* ReaderManager.m */; };
		6B9FDC3B1B4BB9C600450271 /* Book.m in Sources */ = {isa = PBXBuildFile; fileRef = 6B9FDC3A1B4BB9C600450271 /* Book.m */; };
		B88BFEFB086CB8E385E9A05E /* libPods.a in Frameworks */ = {isa = PBXBuildFile; fileRef = BFA0D0884C9F0D8004DC220D /* libPods.a */; };
/* End PBXBuildFile section */

/* Begin PBXFileReference section */
		6B69A07A1B4E478200D534EC /* 择天记.txt */ = {isa = PBXFileReference; fileEncoding = 4; lastKnownFileType = text; path = "择天记.txt"; sourceTree = "<group>"; };
		6B69A07C1B4E74FE00D534EC /* ReaderAdapter.h */ = {isa = PBXFileReference; fileEncoding = 4; lastKnownFileType = sourcecode.c.h; path = ReaderAdapter.h; sourceTree = "<group>"; };
		6B69A07D1B4E74FE00D534EC /* ReaderAdapter.m */ = {isa = PBXFileReference; fileEncoding = 4; lastKnownFileType = sourcecode.c.objc; path = ReaderAdapter.m; sourceTree = "<group>"; };
		6B9FDBF91B4B725C00450271 /* XReader.app */ = {isa = PBXFileReference; explicitFileType = wrapper.application; includeInIndex = 0; path = XReader.app; sourceTree = BUILT_PRODUCTS_DIR; };
		6B9FDBFD1B4B725C00450271 /* Info.plist */ = {isa = PBXFileReference; lastKnownFileType = text.plist.xml; path = Info.plist; sourceTree = "<group>"; };
		6B9FDBFE1B4B725C00450271 /* main.m */ = {isa = PBXFileReference; lastKnownFileType = sourcecode.c.objc; path = main.m; sourceTree = "<group>"; };
		6B9FDC001B4B725C00450271 /* AppDelegate.h */ = {isa = PBXFileReference; lastKnownFileType = sourcecode.c.h; path = AppDelegate.h; sourceTree = "<group>"; };
		6B9FDC011B4B725C00450271 /* AppDelegate.m */ = {isa = PBXFileReference; lastKnownFileType = sourcecode.c.objc; path = AppDelegate.m; sourceTree = "<group>"; };
		6B9FDC091B4B725C00450271 /* Images.xcassets */ = {isa = PBXFileReference; lastKnownFileType = folder.assetcatalog; path = Images.xcassets; sourceTree = "<group>"; };
		6B9FDC0C1B4B725C00450271 /* Base */ = {isa = PBXFileReference; lastKnownFileType = file.xib; name = Base; path = Base.lproj/LaunchScreen.xib; sourceTree = "<group>"; };
		6B9FDC241B4B78AB00450271 /* XTableView.h */ = {isa = PBXFileReference; fileEncoding = 4; lastKnownFileType = sourcecode.c.h; path = XTableView.h; sourceTree = "<group>"; };
		6B9FDC251B4B78AB00450271 /* XTableView.m */ = {isa = PBXFileReference; fileEncoding = 4; lastKnownFileType = sourcecode.c.objc; path = XTableView.m; sourceTree = "<group>"; };
		6B9FDC261B4B78AB00450271 /* XTableViewAdapter.h */ = {isa = PBXFileReference; fileEncoding = 4; lastKnownFileType = sourcecode.c.h; path = XTableViewAdapter.h; sourceTree = "<group>"; };
		6B9FDC271B4B78AB00450271 /* XTableViewAdapter.m */ = {isa = PBXFileReference; fileEncoding = 4; lastKnownFileType = sourcecode.c.objc; path = XTableViewAdapter.m; sourceTree = "<group>"; };
		6B9FDC2B1B4BAC6500450271 /* TxtReader.h */ = {isa = PBXFileReference; fileEncoding = 4; lastKnownFileType = sourcecode.c.h; path = TxtReader.h; sourceTree = "<group>"; };
		6B9FDC2C1B4BAC6500450271 /* TxtReader.m */ = {isa = PBXFileReference; fileEncoding = 4; lastKnownFileType = sourcecode.c.objc; path = TxtReader.m; sourceTree = "<group>"; };
		6B9FDC2F1B4BB8C600450271 /* ReaderViewController.h */ = {isa = PBXFileReference; fileEncoding = 4; lastKnownFileType = sourcecode.c.h; path = ReaderViewController.h; sourceTree = "<group>"; };
		6B9FDC301B4BB8C600450271 /* ReaderViewController.m */ = {isa = PBXFileReference; fileEncoding = 4; lastKnownFileType = sourcecode.c.objc; path = ReaderViewController.m; sourceTree = "<group>"; };
		6B9FDC321B4BB8DC00450271 /* ReaderView.h */ = {isa = PBXFileReference; fileEncoding = 4; lastKnownFileType = sourcecode.c.h; path = ReaderView.h; sourceTree = "<group>"; };
		6B9FDC331B4BB8DC00450271 /* ReaderView.m */ = {isa = PBXFileReference; fileEncoding = 4; lastKnownFileType = sourcecode.c.objc; path = ReaderView.m; sourceTree = "<group>"; };
		6B9FDC351B4BB94A00450271 /* ReaderManager.h */ = {isa = PBXFileReference; fileEncoding = 4; lastKnownFileType = sourcecode.c.h; path = ReaderManager.h; sourceTree = "<group>"; };
		6B9FDC361B4BB94A00450271 /* ReaderManager.m */ = {isa = PBXFileReference; fileEncoding = 4; lastKnownFileType = sourcecode.c.objc; path = ReaderManager.m; sourceTree = "<group>"; };
		6B9FDC391B4BB9C600450271 /* Book.h */ = {isa = PBXFileReference; fileEncoding = 4; lastKnownFileType = sourcecode.c.h; path = Book.h; sourceTree = "<group>"; };
		6B9FDC3A1B4BB9C600450271 /* Book.m */ = {isa = PBXFileReference; fileEncoding = 4; lastKnownFileType = sourcecode.c.objc; path = Book.m; sourceTree = "<group>"; };
		6B9FDC3C1B4BBFF900450271 /* XReader-Prefix.pch */ = {isa = PBXFileReference; fileEncoding = 4; lastKnownFileType = sourcecode.c.h; path = "XReader-Prefix.pch"; sourceTree = "<group>"; };
		7760FF07878843D376AF3E7E /* Pods.release.xcconfig */ = {isa = PBXFileReference; includeInIndex = 1; lastKnownFileType = text.xcconfig; name = Pods.release.xcconfig; path = "Pods/Target Support Files/Pods/Pods.release.xcconfig"; sourceTree = "<group>"; };
		A2413D9393369535E28AF03A /* Pods.debug.xcconfig */ = {isa = PBXFileReference; includeInIndex = 1; lastKnownFileType = text.xcconfig; name = Pods.debug.xcconfig; path = "Pods/Target Support Files/Pods/Pods.debug.xcconfig"; sourceTree = "<group>"; };
		BFA0D0884C9F0D8004DC220D /* libPods.a */ = {isa = PBXFileReference; explicitFileType = archive.ar; includeInIndex = 0; path = libPods.a; sourceTree = BUILT_PRODUCTS_DIR; };
/* End PBXFileReference section */

/* Begin PBXFrameworksBuildPhase section */
		6B9FDBF61B4B725C00450271 /* Frameworks */ = {
			isa = PBXFrameworksBuildPhase;
			buildActionMask = 2147483647;
			files = (
				B88BFEFB086CB8E385E9A05E /* libPods.a in Frameworks */,
			);
			runOnlyForDeploymentPostprocessing = 0;
		};
/* End PBXFrameworksBuildPhase section */

/* Begin PBXGroup section */
		2FF8C13511FC0D869B85B11E /* Pods */ = {
			isa = PBXGroup;
			children = (
				A2413D9393369535E28AF03A /* Pods.debug.xcconfig */,
				7760FF07878843D376AF3E7E /* Pods.release.xcconfig */,
			);
			name = Pods;
			sourceTree = "<group>";
		};
		6B9FDBF01B4B725C00450271 = {
			isa = PBXGroup;
			children = (
				6B9FDBFB1B4B725C00450271 /* XReader */,
				6B9FDBFA1B4B725C00450271 /* Products */,
				2FF8C13511FC0D869B85B11E /* Pods */,
				D9A2E962A0626FDCE66D836A /* Frameworks */,
			);
			sourceTree = "<group>";
		};
		6B9FDBFA1B4B725C00450271 /* Products */ = {
			isa = PBXGroup;
			children = (
				6B9FDBF91B4B725C00450271 /* XReader.app */,
			);
			name = Products;
			sourceTree = "<group>";
		};
		6B9FDBFB1B4B725C00450271 /* XReader */ = {
			isa = PBXGroup;
			children = (
				6B9FDC221B4B78AB00450271 /* Base */,
				6B9FDC2E1B4BB8B100450271 /* Controllers */,
				6B9FDC001B4B725C00450271 /* AppDelegate.h */,
				6B9FDC011B4B725C00450271 /* AppDelegate.m */,
				6B69A07A1B4E478200D534EC /* 择天记.txt */,
				6B9FDC091B4B725C00450271 /* Images.xcassets */,
				6B9FDC0B1B4B725C00450271 /* LaunchScreen.xib */,
				6B9FDBFC1B4B725C00450271 /* Supporting Files */,
			);
			path = XReader;
			sourceTree = "<group>";
		};
		6B9FDBFC1B4B725C00450271 /* Supporting Files */ = {
			isa = PBXGroup;
			children = (
				6B9FDBFD1B4B725C00450271 /* Info.plist */,
				6B9FDBFE1B4B725C00450271 /* main.m */,
				6B9FDC3C1B4BBFF900450271 /* XReader-Prefix.pch */,
			);
			name = "Supporting Files";
			sourceTree = "<group>";
		};
		6B9FDC221B4B78AB00450271 /* Base */ = {
			isa = PBXGroup;
			children = (
				6B9FDC381B4BB9A900450271 /* Model */,
				6B9FDC2A1B4BAC3900450271 /* FileReader */,
				6B9FDC231B4B78AB00450271 /* TableView */,
			);
			path = Base;
			sourceTree = "<group>";
		};
		6B9FDC231B4B78AB00450271 /* TableView */ = {
			isa = PBXGroup;
			children = (
				6B9FDC261B4B78AB00450271 /* XTableViewAdapter.h */,
				6B9FDC271B4B78AB00450271 /* XTableViewAdapter.m */,
				6B9FDC241B4B78AB00450271 /* XTableView.h */,
				6B9FDC251B4B78AB00450271 /* XTableView.m */,
			);
			path = TableView;
			sourceTree = "<group>";
		};
		6B9FDC2A1B4BAC3900450271 /* FileReader */ = {
			isa = PBXGroup;
			children = (
				6B9FDC351B4BB94A00450271 /* ReaderManager.h */,
				6B9FDC361B4BB94A00450271 /* ReaderManager.m */,
				6B9FDC2B1B4BAC6500450271 /* TxtReader.h */,
				6B9FDC2C1B4BAC6500450271 /* TxtReader.m */,
			);
			path = FileReader;
			sourceTree = "<group>";
		};
		6B9FDC2E1B4BB8B100450271 /* Controllers */ = {
			isa = PBXGroup;
			children = (
				6B9FDC2F1B4BB8C600450271 /* ReaderViewController.h */,
				6B9FDC301B4BB8C600450271 /* ReaderViewController.m */,
				6B9FDC321B4BB8DC00450271 /* ReaderView.h */,
				6B9FDC331B4BB8DC00450271 /* ReaderView.m */,
				6B69A07C1B4E74FE00D534EC /* ReaderAdapter.h */,
				6B69A07D1B4E74FE00D534EC /* ReaderAdapter.m */,
			);
			path = Controllers;
			sourceTree = "<group>";
		};
		6B9FDC381B4BB9A900450271 /* Model */ = {
			isa = PBXGroup;
			children = (
				6B9FDC391B4BB9C600450271 /* Book.h */,
				6B9FDC3A1B4BB9C600450271 /* Book.m */,
			);
			path = Model;
			sourceTree = "<group>";
		};
		D9A2E962A0626FDCE66D836A /* Frameworks */ = {
			isa = PBXGroup;
			children = (
				BFA0D0884C9F0D8004DC220D /* libPods.a */,
			);
			name = Frameworks;
			sourceTree = "<group>";
		};
/* End PBXGroup section */

/* Begin PBXNativeTarget section */
		6B9FDBF81B4B725C00450271 /* XReader */ = {
			isa = PBXNativeTarget;
			buildConfigurationList = 6B9FDC1C1B4B725C00450271 /* Build configuration list for PBXNativeTarget "XReader" */;
			buildPhases = (
				A04932E5CABC2FA97461928F /* Check Pods Manifest.lock */,
				6B9FDBF51B4B725C00450271 /* Sources */,
				6B9FDBF61B4B725C00450271 /* Frameworks */,
				6B9FDBF71B4B725C00450271 /* Resources */,
				A797B6EE43FC0DC5ECE7756F /* Copy Pods Resources */,
			);
			buildRules = (
			);
			dependencies = (
			);
			name = XReader;
			productName = XReader;
			productReference = 6B9FDBF91B4B725C00450271 /* XReader.app */;
			productType = "com.apple.product-type.application";
		};
/* End PBXNativeTarget section */

/* Begin PBXProject section */
		6B9FDBF11B4B725C00450271 /* Project object */ = {
			isa = PBXProject;
			attributes = {
				LastUpgradeCheck = 0640;
				ORGANIZATIONNAME = "传勇徐";
				TargetAttributes = {
					6B9FDBF81B4B725C00450271 = {
						CreatedOnToolsVersion = 6.4;
					};
				};
			};
			buildConfigurationList = 6B9FDBF41B4B725C00450271 /* Build configuration list for PBXProject "XReader" */;
			compatibilityVersion = "Xcode 3.2";
			developmentRegion = English;
			hasScannedForEncodings = 0;
			knownRegions = (
				en,
				Base,
			);
			mainGroup = 6B9FDBF01B4B725C00450271;
			productRefGroup = 6B9FDBFA1B4B725C00450271 /* Products */;
			projectDirPath = "";
			projectRoot = "";
			targets = (
				6B9FDBF81B4B725C00450271 /* XReader */,
			);
		};
/* End PBXProject section */

/* Begin PBXResourcesBuildPhase section */
		6B9FDBF71B4B725C00450271 /* Resources */ = {
			isa = PBXResourcesBuildPhase;
			buildActionMask = 2147483647;
			files = (
				6B9FDC0D1B4B725C00450271 /* LaunchScreen.xib in Resources */,
				6B9FDC0A1B4B725C00450271 /* Images.xcassets in Resources */,
				6B69A07B1B4E478200D534EC /* 择天记.txt in Resources */,
			);
			runOnlyForDeploymentPostprocessing = 0;
		};
/* End PBXResourcesBuildPhase section */

/* Begin PBXShellScriptBuildPhase section */
		A04932E5CABC2FA97461928F /* Check Pods Manifest.lock */ = {
			isa = PBXShellScriptBuildPhase;
			buildActionMask = 2147483647;
			files = (
			);
			inputPaths = (
			);
			name = "Check Pods Manifest.lock";
			outputPaths = (
			);
			runOnlyForDeploymentPostprocessing = 0;
			shellPath = /bin/sh;
			shellScript = "diff \"${PODS_ROOT}/../Podfile.lock\" \"${PODS_ROOT}/Manifest.lock\" > /dev/null\nif [[ $? != 0 ]] ; then\n    cat << EOM\nerror: The sandbox is not in sync with the Podfile.lock. Run 'pod install' or update your CocoaPods installation.\nEOM\n    exit 1\nfi\n";
			showEnvVarsInLog = 0;
		};
		A797B6EE43FC0DC5ECE7756F /* Copy Pods Resources */ = {
			isa = PBXShellScriptBuildPhase;
			buildActionMask = 2147483647;
			files = (
			);
			inputPaths = (
			);
			name = "Copy Pods Resources";
			outputPaths = (
			);
			runOnlyForDeploymentPostprocessing = 0;
			shellPath = /bin/sh;
			shellScript = "\"${SRCROOT}/Pods/Target Support Files/Pods/Pods-resources.sh\"\n";
			showEnvVarsInLog = 0;
		};
/* End PBXShellScriptBuildPhase section */

/* Begin PBXSourcesBuildPhase section */
		6B9FDBF51B4B725C00450271 /* Sources */ = {
			isa = PBXSourcesBuildPhase;
			buildActionMask = 2147483647;
			files = (
				6B9FDC3B1B4BB9C600450271 /* Book.m in Sources */,
				6B9FDC371B4BB94A00450271 /* ReaderManager.m in Sources */,
				6B9FDC2D1B4BAC6500450271 /* TxtReader.m in Sources */,
				6B9FDC291B4B78AB00450271 /* XTableViewAdapter.m in Sources */,
				6B9FDC021B4B725C00450271 /* AppDelegate.m in Sources */,
				6B9FDC281B4B78AB00450271 /* XTableView.m in Sources */,
				6B69A07E1B4E74FE00D534EC /* ReaderAdapter.m in Sources */,
				6B9FDC341B4BB8DC00450271 /* ReaderView.m in Sources */,
				6B9FDC311B4BB8C600450271 /* ReaderViewController.m in Sources */,
				6B9FDBFF1B4B725C00450271 /* main.m in Sources */,
			);
			runOnlyForDeploymentPostprocessing = 0;
		};
/* End PBXSourcesBuildPhase section */

/* Begin PBXVariantGroup section */
		6B9FDC0B1B4B725C00450271 /* LaunchScreen.xib */ = {
			isa = PBXVariantGroup;
			children = (
				6B9FDC0C1B4B725C00450271 /* Base */,
			);
			name = LaunchScreen.xib;
			sourceTree = "<group>";
		};
/* End PBXVariantGroup section */

/* Begin XCBuildConfiguration section */
		6B9FDC1A1B4B725C00450271 /* Debug */ = {
			isa = XCBuildConfiguration;
			buildSettings = {
				ALWAYS_SEARCH_USER_PATHS = NO;
				CLANG_CXX_LANGUAGE_STANDARD = "gnu++0x";
				CLANG_CXX_LIBRARY = "libc++";
				CLANG_ENABLE_MODULES = YES;
				CLANG_ENABLE_OBJC_ARC = YES;
				CLANG_WARN_BOOL_CONVERSION = YES;
				CLANG_WARN_CONSTANT_CONVERSION = YES;
				CLANG_WARN_DIRECT_OBJC_ISA_USAGE = YES_ERROR;
				CLANG_WARN_EMPTY_BODY = YES;
				CLANG_WARN_ENUM_CONVERSION = YES;
				CLANG_WARN_INT_CONVERSION = YES;
				CLANG_WARN_OBJC_ROOT_CLASS = YES_ERROR;
				CLANG_WARN_UNREACHABLE_CODE = YES;
				CLANG_WARN__DUPLICATE_METHOD_MATCH = YES;
				"CODE_SIGN_IDENTITY[sdk=iphoneos*]" = "iPhone Developer";
				COPY_PHASE_STRIP = NO;
				DEBUG_INFORMATION_FORMAT = "dwarf-with-dsym";
				ENABLE_STRICT_OBJC_MSGSEND = YES;
				GCC_C_LANGUAGE_STANDARD = gnu99;
				GCC_DYNAMIC_NO_PIC = NO;
				GCC_NO_COMMON_BLOCKS = YES;
				GCC_OPTIMIZATION_LEVEL = 0;
				GCC_PRECOMPILE_PREFIX_HEADER = YES;
				GCC_PREFIX_HEADER = "XReader/XReader-Prefix.pch";
				GCC_PREPROCESSOR_DEFINITIONS = (
					"DEBUG=1",
					"$(inherited)",
				);
				GCC_SYMBOLS_PRIVATE_EXTERN = NO;
				GCC_WARN_64_TO_32_BIT_CONVERSION = YES;
				GCC_WARN_ABOUT_RETURN_TYPE = YES_ERROR;
				GCC_WARN_UNDECLARED_SELECTOR = YES;
				GCC_WARN_UNINITIALIZED_AUTOS = YES_AGGRESSIVE;
				GCC_WARN_UNUSED_FUNCTION = YES;
				GCC_WARN_UNUSED_VARIABLE = YES;
				IPHONEOS_DEPLOYMENT_TARGET = 8.4;
				MTL_ENABLE_DEBUG_INFO = YES;
				ONLY_ACTIVE_ARCH = YES;
				SDKROOT = iphoneos;
				TARGETED_DEVICE_FAMILY = "1,2";
			};
			name = Debug;
		};
		6B9FDC1B1B4B725C00450271 /* Release */ = {
			isa = XCBuildConfiguration;
			buildSettings = {
				ALWAYS_SEARCH_USER_PATHS = NO;
				CLANG_CXX_LANGUAGE_STANDARD = "gnu++0x";
				CLANG_CXX_LIBRARY = "libc++";
				CLANG_ENABLE_MODULES = YES;
				CLANG_ENABLE_OBJC_ARC = YES;
				CLANG_WARN_BOOL_CONVERSION = YES;
				CLANG_WARN_CONSTANT_CONVERSION = YES;
				CLANG_WARN_DIRECT_OBJC_ISA_USAGE = YES_ERROR;
				CLANG_WARN_EMPTY_BODY = YES;
				CLANG_WARN_ENUM_CONVERSION = YES;
				CLANG_WARN_INT_CONVERSION = YES;
				CLANG_WARN_OBJC_ROOT_CLASS = YES_ERROR;
				CLANG_WARN_UNREACHABLE_CODE = YES;
				CLANG_WARN__DUPLICATE_METHOD_MATCH = YES;
				"CODE_SIGN_IDENTITY[sdk=iphoneos*]" = "iPhone Developer";
				COPY_PHASE_STRIP = NO;
				DEBUG_INFORMATION_FORMAT = "dwarf-with-dsym";
				ENABLE_NS_ASSERTIONS = NO;
				ENABLE_STRICT_OBJC_MSGSEND = YES;
				GCC_C_LANGUAGE_STANDARD = gnu99;
				GCC_NO_COMMON_BLOCKS = YES;
				GCC_PRECOMPILE_PREFIX_HEADER = YES;
				GCC_PREFIX_HEADER = "XReader/XReader-Prefix.pch";
				GCC_WARN_64_TO_32_BIT_CONVERSION = YES;
				GCC_WARN_ABOUT_RETURN_TYPE = YES_ERROR;
				GCC_WARN_UNDECLARED_SELECTOR = YES;
				GCC_WARN_UNINITIALIZED_AUTOS = YES_AGGRESSIVE;
				GCC_WARN_UNUSED_FUNCTION = YES;
				GCC_WARN_UNUSED_VARIABLE = YES;
				IPHONEOS_DEPLOYMENT_TARGET = 8.4;
				MTL_ENABLE_DEBUG_INFO = NO;
				SDKROOT = iphoneos;
				TARGETED_DEVICE_FAMILY = "1,2";
				VALIDATE_PRODUCT = YES;
			};
			name = Release;
		};
		6B9FDC1D1B4B725C00450271 /* Debug */ = {
			isa = XCBuildConfiguration;
			baseConfigurationReference = A2413D9393369535E28AF03A /* Pods.debug.xcconfig */;
			buildSettings = {
				ASSETCATALOG_COMPILER_APPICON_NAME = AppIcon;
				GCC_PREFIX_HEADER = "XReader/XReader-Prefix.pch";
				INFOPLIST_FILE = XReader/Info.plist;
				LD_RUNPATH_SEARCH_PATHS = "$(inherited) @executable_path/Frameworks";
				PRODUCT_NAME = "$(TARGET_NAME)";
			};
			name = Debug;
		};
		6B9FDC1E1B4B725C00450271 /* Release */ = {
			isa = XCBuildConfiguration;
			baseConfigurationReference = 7760FF07878843D376AF3E7E /* Pods.release.xcconfig */;
			buildSettings = {
				ASSETCATALOG_COMPILER_APPICON_NAME = AppIcon;
				GCC_PREFIX_HEADER = "XReader/XReader-Prefix.pch";
				INFOPLIST_FILE = XReader/Info.plist;
				LD_RUNPATH_SEARCH_PATHS = "$(inherited) @executable_path/Frameworks";
				PRODUCT_NAME = "$(TARGET_NAME)";
			};
			name = Release;
		};
/* End XCBuildConfiguration section */

/* Begin XCConfigurationList section */
		6B9FDBF41B4B725C00450271 /* Build configuration list for PBXProject "XReader" */ = {
			isa = XCConfigurationList;
			buildConfigurations = (
				6B9FDC1A1B4B725C00450271 /* Debug */,
				6B9FDC1B1B4B725C00450271 /* Release */,
			);
			defaultConfigurationIsVisible = 0;
			defaultConfigurationName = Release;
		};
		6B9FDC1C1B4B725C00450271 /* Build configuration list for PBXNativeTarget "XReader" */ = {
			isa = XCConfigurationList;
			buildConfigurations = (
				6B9FDC1D1B4B725C00450271 /* Debug */,
				6B9FDC1E1B4B725C00450271 /* Release */,
			);
			defaultConfigurationIsVisible = 0;
			defaultConfigurationName = Release;
		};
/* End XCConfigurationList section */
	};
	rootObject = 6B9FDBF11B4B725C00450271 /* Project object */;
}
